
Microsoft Visual Studio Solution File, Format Version 12.00
# Visual Studio 2015
Project("{FAE04EC0-301F-11D3-BF4B-00C04F79EFBC}") = "MyFirstPackage.CSharp", "MyFirstPackage.CSharp.csproj", "{CC89DFB4-517F-19DD-B497-977449D125DD}"
EndProject
Project("{FAE04EC0-301F-11D3-BF4B-00C04F79EFBC}") = "MyFirstPackage.CSharp.Editor", "MyFirstPackage.CSharp.Editor.csproj", "{D9F1154A-5FF6-7CA9-E572-767B120F3186}"
EndProject
Global
	GlobalSection(SolutionConfigurationPlatforms) = preSolution
		Debug|Any CPU = Debug|Any CPU
		Release|Any CPU = Release|Any CPU
	EndGlobalSection
	GlobalSection(ProjectConfigurationPlatforms) = postSolution
		{CC89DFB4-517F-19DD-B497-977449D125DD}.Debug|Any CPU.ActiveCfg = Debug|Any CPU
		{CC89DFB4-517F-19DD-B497-977449D125DD}.Debug|Any CPU.Build.0 = Debug|Any CPU
		{CC89DFB4-517F-19DD-B497-977449D125DD}.Release|Any CPU.ActiveCfg = Release|Any CPU
		{CC89DFB4-517F-19DD-B497-977449D125DD}.Release|Any CPU.Build.0 = Release|Any CPU
		{D9F1154A-5FF6-7CA9-E572-767B120F3186}.Debug|Any CPU.ActiveCfg = Debug|Any CPU
		{D9F1154A-5FF6-7CA9-E572-767B120F3186}.Debug|Any CPU.Build.0 = Debug|Any CPU
		{D9F1154A-5FF6-7CA9-E572-767B120F3186}.Release|Any CPU.ActiveCfg = Release|Any CPU
		{D9F1154A-5FF6-7CA9-E572-767B120F3186}.Release|Any CPU.Build.0 = Release|Any CPU
	EndGlobalSection
	GlobalSection(SolutionProperties) = preSolution
		HideSolutionNode = FALSE
	EndGlobalSection
EndGlobal
